PODS:
  - Flutter (1.0.0)
  - integration_test (0.0.1):
    - Flutter
  - shipbook (0.0.1):
    - Flutter
    - ShipBookSDK
  - ShipBookSDK (1.1.19)

DEPENDENCIES:
  - Flutter (from `Flutter`)
  - integration_test (from `.symlinks/plugins/integration_test/ios`)
  - shipbook (from `.symlinks/plugins/shipbook/ios`)

SPEC REPOS:
  trunk:
    - ShipBookSDK

EXTERNAL SOURCES:
  Flutter:
    :path: Flutter
  integration_test:
    :path: ".symlinks/plugins/integration_test/ios"
  shipbook:
    :path: ".symlinks/plugins/shipbook/ios"

SPEC CHECKSUMS:
  Flutter: f04841e97a9d0b0a8025694d0796dd46242b2854
  integration_test: 13825b8a9334a850581300559b8839134b124670
  shipbook: 9ccacbeddcc741db1bdb41010043770ecb1c79a0
  ShipBookSDK: 2086b80c9beef01f44a28390012223ee863410eb

PODFILE CHECKSUM: 70d9d25280d0dd177a5f637cdb0f0b0b12c6a189

COCOAPODS: 1.11.3
